
Microsoft Visual Studio Solution File, Format Version 12.00
# Visual Studio Version 17
VisualStudioVersion = 17.7.34024.191
MinimumVisualStudioVersion = 10.0.40219.1
Project("{FAE04EC0-301F-11D3-BF4B-00C04F79EFBC}") = "BusinessObjects", "BusinessObjects\BusinessObjects.csproj", "{7AF5FD0D-45CB-4173-9231-07EE71D6D7A5}"
EndProject
Project("{FAE04EC0-301F-11D3-BF4B-00C04F79EFBC}") = "Repositories", "Repositories\Repositories.csproj", "{24C80560-5ADB-4805-A640-0FB6F6CB0781}"
EndProject
Project("{FAE04EC0-301F-11D3-BF4B-00C04F79EFBC}") = "Services", "Services\Services.csproj", "{3B841F2B-FEE4-4863-AEE3-4B5D0F79254A}"
EndProject
Project("{FAE04EC0-301F-11D3-BF4B-00C04F79EFBC}") = "ProjectManagementAPI", "ProjectManagementAPI\ProjectManagementAPI.csproj", "{5DFA6725-8675-4199-AA59-F7272B2903C9}"
EndProject
Project("{FAE04EC0-301F-11D3-BF4B-00C04F79EFBC}") = "ControllerTests", "ControllerTests\ControllerTests.csproj", "{4F691C79-2AFB-4F9C-B774-A3A05A45E69F}"
EndProject
Global
	GlobalSection(SolutionConfigurationPlatforms) = preSolution
		Debug|Any CPU = Debug|Any CPU
		Release|Any CPU = Release|Any CPU
	EndGlobalSection
	GlobalSection(ProjectConfigurationPlatforms) = postSolution
		{7AF5FD0D-45CB-4173-9231-07EE71D6D7A5}.Debug|Any CPU.ActiveCfg = Debug|Any CPU
		{7AF5FD0D-45CB-4173-9231-07EE71D6D7A5}.Debug|Any CPU.Build.0 = Debug|Any CPU
		{7AF5FD0D-45CB-4173-9231-07EE71D6D7A5}.Release|Any CPU.ActiveCfg = Release|Any CPU
		{7AF5FD0D-45CB-4173-9231-07EE71D6D7A5}.Release|Any CPU.Build.0 = Release|Any CPU
		{24C80560-5ADB-4805-A640-0FB6F6CB0781}.Debug|Any CPU.ActiveCfg = Debug|Any CPU
		{24C80560-5ADB-4805-A640-0FB6F6CB0781}.Debug|Any CPU.Build.0 = Debug|Any CPU
		{24C80560-5ADB-4805-A640-0FB6F6CB0781}.Release|Any CPU.ActiveCfg = Release|Any CPU
		{24C80560-5ADB-4805-A640-0FB6F6CB0781}.Release|Any CPU.Build.0 = Release|Any CPU
		{3B841F2B-FEE4-4863-AEE3-4B5D0F79254A}.Debug|Any CPU.ActiveCfg = Debug|Any CPU
		{3B841F2B-FEE4-4863-AEE3-4B5D0F79254A}.Debug|Any CPU.Build.0 = Debug|Any CPU
		{3B841F2B-FEE4-4863-AEE3-4B5D0F79254A}.Release|Any CPU.ActiveCfg = Release|Any CPU
		{3B841F2B-FEE4-4863-AEE3-4B5D0F79254A}.Release|Any CPU.Build.0 = Release|Any CPU
		{5DFA6725-8675-4199-AA59-F7272B2903C9}.Debug|Any CPU.ActiveCfg = Debug|Any CPU
		{5DFA6725-8675-4199-AA59-F7272B2903C9}.Debug|Any CPU.Build.0 = Debug|Any CPU
		{5DFA6725-8675-4199-AA59-F7272B2903C9}.Release|Any CPU.ActiveCfg = Release|Any CPU
		{5DFA6725-8675-4199-AA59-F7272B2903C9}.Release|Any CPU.Build.0 = Release|Any CPU
		{4F691C79-2AFB-4F9C-B774-A3A05A45E69F}.Debug|Any CPU.ActiveCfg = Debug|Any CPU
		{4F691C79-2AFB-4F9C-B774-A3A05A45E69F}.Debug|Any CPU.Build.0 = Debug|Any CPU
		{4F691C79-2AFB-4F9C-B774-A3A05A45E69F}.Release|Any CPU.ActiveCfg = Release|Any CPU
		{4F691C79-2AFB-4F9C-B774-A3A05A45E69F}.Release|Any CPU.Build.0 = Release|Any CPU
	EndGlobalSection
	GlobalSection(SolutionProperties) = preSolution
		HideSolutionNode = FALSE
	EndGlobalSection
	GlobalSection(ExtensibilityGlobals) = postSolution
		SolutionGuid = {E1672032-A7C5-4C44-98DF-6C2BBFCCEE55}
	EndGlobalSection
EndGlobal
